
Microsoft Visual Studio Solution File, Format Version 12.00
# Visual Studio Version 17
VisualStudioVersion = 17.7.34202.233
MinimumVisualStudioVersion = 10.0.40219.1
Project("{FAE04EC0-301F-11D3-BF4B-00C04F79EFBC}") = "New Talents", "New Talents.csproj", "{78A54260-8562-4AA1-9597-B4E3253EF588}"
EndProject
Project("{FAE04EC0-301F-11D3-BF4B-00C04F79EFBC}") = "Test New Talents", "..\Test New Talents\Test New Talents.csproj", "{77241367-2D85-4B6F-B14A-7A3D7A1ACF82}"
EndProject
Global
	GlobalSection(SolutionConfigurationPlatforms) = preSolution
		Debug|Any CPU = Debug|Any CPU
		Release|Any CPU = Release|Any CPU
	EndGlobalSection
	GlobalSection(ProjectConfigurationPlatforms) = postSolution
		{78A54260-8562-4AA1-9597-B4E3253EF588}.Debug|Any CPU.ActiveCfg = Debug|Any CPU
		{78A54260-8562-4AA1-9597-B4E3253EF588}.Debug|Any CPU.Build.0 = Debug|Any CPU
		{78A54260-8562-4AA1-9597-B4E3253EF588}.Release|Any CPU.ActiveCfg = Release|Any CPU
		{78A54260-8562-4AA1-9597-B4E3253EF588}.Release|Any CPU.Build.0 = Release|Any CPU
		{77241367-2D85-4B6F-B14A-7A3D7A1ACF82}.Debug|Any CPU.ActiveCfg = Debug|Any CPU
		{77241367-2D85-4B6F-B14A-7A3D7A1ACF82}.Debug|Any CPU.Build.0 = Debug|Any CPU
		{77241367-2D85-4B6F-B14A-7A3D7A1ACF82}.Release|Any CPU.ActiveCfg = Release|Any CPU
		{77241367-2D85-4B6F-B14A-7A3D7A1ACF82}.Release|Any CPU.Build.0 = Release|Any CPU
	EndGlobalSection
	GlobalSection(SolutionProperties) = preSolution
		HideSolutionNode = FALSE
	EndGlobalSection
	GlobalSection(ExtensibilityGlobals) = postSolution
		SolutionGuid = {5E37141E-A469-41B9-9EF3-0888419F719C}
	EndGlobalSection
EndGlobal
